
Microsoft Visual Studio Solution File, Format Version 12.00
# Visual Studio Version 17
VisualStudioVersion = 17.9.34723.18
MinimumVisualStudioVersion = 10.0.40219.1
Project("{FAE04EC0-301F-11D3-BF4B-00C04F79EFBC}") = "Uygulama15", "Uygulama15\Uygulama15.csproj", "{D1FD5EB0-131B-4C21-8502-D2A784926205}"
EndProject
Global
	GlobalSection(SolutionConfigurationPlatforms) = preSolution
		Debug|Any CPU = Debug|Any CPU
		Release|Any CPU = Release|Any CPU
	EndGlobalSection
	GlobalSection(ProjectConfigurationPlatforms) = postSolution
		{D1FD5EB0-131B-4C21-8502-D2A784926205}.Debug|Any CPU.ActiveCfg = Debug|Any CPU
		{D1FD5EB0-131B-4C21-8502-D2A784926205}.Debug|Any CPU.Build.0 = Debug|Any CPU
		{D1FD5EB0-131B-4C21-8502-D2A784926205}.Release|Any CPU.ActiveCfg = Release|Any CPU
		{D1FD5EB0-131B-4C21-8502-D2A784926205}.Release|Any CPU.Build.0 = Release|Any CPU
	EndGlobalSection
	GlobalSection(SolutionProperties) = preSolution
		HideSolutionNode = FALSE
	EndGlobalSection
	GlobalSection(ExtensibilityGlobals) = postSolution
		SolutionGuid = {3C801544-9F57-478D-8055-B72DCBC90172}
	EndGlobalSection
EndGlobal
